
Microsoft Visual Studio Solution File, Format Version 12.00
# Visual Studio Version 17
VisualStudioVersion = 17.0.31903.59
MinimumVisualStudioVersion = 10.0.40219.1
Project("{2150E333-8FDC-42A3-9474-1A3956D46DE8}") = "src", "src", "{827E0CD3-B72D-47B6-A68D-7590B98EB39B}"
EndProject
Project("{FAE04EC0-301F-11D3-BF4B-00C04F79EFBC}") = "AutoMemory.Cli", "src\AutoMemory.Cli\AutoMemory.Cli.csproj", "{6344924E-D071-4F73-B884-CB8AFA9AA85F}"
EndProject
Project("{FAE04EC0-301F-11D3-BF4B-00C04F79EFBC}") = "AutoMemory.Core", "src\AutoMemory.Core\AutoMemory.Core.csproj", "{CB19664F-BE98-4E3F-8C41-6180413F3A6F}"
EndProject
Project("{2150E333-8FDC-42A3-9474-1A3956D46DE8}") = "tests", "tests", "{0AB3BF05-4346-4AA6-1389-037BE0695223}"
EndProject
Project("{FAE04EC0-301F-11D3-BF4B-00C04F79EFBC}") = "AutoMemory.Tests", "tests\AutoMemory.Tests\AutoMemory.Tests.csproj", "{DEB6201C-DB7D-43B0-B0AF-67495B322179}"
EndProject
Project("{FAE04EC0-301F-11D3-BF4B-00C04F79EFBC}") = "AutoMemory.Analyzers", "src\AutoMemory.Analyzers\AutoMemory.Analyzers.csproj", "{ED35C946-25C6-4F36-8AF4-3654B0F0E07A}"
EndProject
Project("{FAE04EC0-301F-11D3-BF4B-00C04F79EFBC}") = "AutoMemory.Mcp", "src\AutoMemory.Mcp\AutoMemory.Mcp.csproj", "{D85F5F01-2DA0-4601-8E0C-743B8CD23F39}"
EndProject
Global
	GlobalSection(SolutionConfigurationPlatforms) = preSolution
		Debug|Any CPU = Debug|Any CPU
		Debug|x64 = Debug|x64
		Debug|x86 = Debug|x86
		Release|Any CPU = Release|Any CPU
		Release|x64 = Release|x64
		Release|x86 = Release|x86
	EndGlobalSection
	GlobalSection(ProjectConfigurationPlatforms) = postSolution
		{6344924E-D071-4F73-B884-CB8AFA9AA85F}.Debug|Any CPU.ActiveCfg = Debug|Any CPU
		{6344924E-D071-4F73-B884-CB8AFA9AA85F}.Debug|Any CPU.Build.0 = Debug|Any CPU
		{6344924E-D071-4F73-B884-CB8AFA9AA85F}.Debug|x64.ActiveCfg = Debug|Any CPU
		{6344924E-D071-4F73-B884-CB8AFA9AA85F}.Debug|x64.Build.0 = Debug|Any CPU
		{6344924E-D071-4F73-B884-CB8AFA9AA85F}.Debug|x86.ActiveCfg = Debug|Any CPU
		{6344924E-D071-4F73-B884-CB8AFA9AA85F}.Debug|x86.Build.0 = Debug|Any CPU
		{6344924E-D071-4F73-B884-CB8AFA9AA85F}.Release|Any CPU.ActiveCfg = Release|Any CPU
		{6344924E-D071-4F73-B884-CB8AFA9AA85F}.Release|Any CPU.Build.0 = Release|Any CPU
		{6344924E-D071-4F73-B884-CB8AFA9AA85F}.Release|x64.ActiveCfg = Release|Any CPU
		{6344924E-D071-4F73-B884-CB8AFA9AA85F}.Release|x64.Build.0 = Release|Any CPU
		{6344924E-D071-4F73-B884-CB8AFA9AA85F}.Release|x86.ActiveCfg = Release|Any CPU
		{6344924E-D071-4F73-B884-CB8AFA9AA85F}.Release|x86.Build.0 = Release|Any CPU
		{CB19664F-BE98-4E3F-8C41-6180413F3A6F}.Debug|Any CPU.ActiveCfg = Debug|Any CPU
		{CB19664F-BE98-4E3F-8C41-6180413F3A6F}.Debug|Any CPU.Build.0 = Debug|Any CPU
		{CB19664F-BE98-4E3F-8C41-6180413F3A6F}.Debug|x64.ActiveCfg = Debug|Any CPU
		{CB19664F-BE98-4E3F-8C41-6180413F3A6F}.Debug|x64.Build.0 = Debug|Any CPU
		{CB19664F-BE98-4E3F-8C41-6180413F3A6F}.Debug|x86.ActiveCfg = Debug|Any CPU
		{CB19664F-BE98-4E3F-8C41-6180413F3A6F}.Debug|x86.Build.0 = Debug|Any CPU
		{CB19664F-BE98-4E3F-8C41-6180413F3A6F}.Release|Any CPU.ActiveCfg = Release|Any CPU
		{CB19664F-BE98-4E3F-8C41-6180413F3A6F}.Release|Any CPU.Build.0 = Release|Any CPU
		{CB19664F-BE98-4E3F-8C41-6180413F3A6F}.Release|x64.ActiveCfg = Release|Any CPU
		{CB19664F-BE98-4E3F-8C41-6180413F3A6F}.Release|x64.Build.0 = Release|Any CPU
		{CB19664F-BE98-4E3F-8C41-6180413F3A6F}.Release|x86.ActiveCfg = Release|Any CPU
		{CB19664F-BE98-4E3F-8C41-6180413F3A6F}.Release|x86.Build.0 = Release|Any CPU
		{DEB6201C-DB7D-43B0-B0AF-67495B322179}.Debug|Any CPU.ActiveCfg = Debug|Any CPU
		{DEB6201C-DB7D-43B0-B0AF-67495B322179}.Debug|Any CPU.Build.0 = Debug|Any CPU
		{DEB6201C-DB7D-43B0-B0AF-67495B322179}.Debug|x64.ActiveCfg = Debug|Any CPU
		{DEB6201C-DB7D-43B0-B0AF-67495B322179}.Debug|x64.Build.0 = Debug|Any CPU
		{DEB6201C-DB7D-43B0-B0AF-67495B322179}.Debug|x86.ActiveCfg = Debug|Any CPU
		{DEB6201C-DB7D-43B0-B0AF-67495B322179}.Debug|x86.Build.0 = Debug|Any CPU
		{DEB6201C-DB7D-43B0-B0AF-67495B322179}.Release|Any CPU.ActiveCfg = Release|Any CPU
		{DEB6201C-DB7D-43B0-B0AF-67495B322179}.Release|Any CPU.Build.0 = Release|Any CPU
		{DEB6201C-DB7D-43B0-B0AF-67495B322179}.Release|x64.ActiveCfg = Release|Any CPU
		{DEB6201C-DB7D-43B0-B0AF-67495B322179}.Release|x64.Build.0 = Release|Any CPU
		{DEB6201C-DB7D-43B0-B0AF-67495B322179}.Release|x86.ActiveCfg = Release|Any CPU
		{DEB6201C-DB7D-43B0-B0AF-67495B322179}.Release|x86.Build.0 = Release|Any CPU
		{ED35C946-25C6-4F36-8AF4-3654B0F0E07A}.Debug|Any CPU.ActiveCfg = Debug|Any CPU
		{ED35C946-25C6-4F36-8AF4-3654B0F0E07A}.Debug|Any CPU.Build.0 = Debug|Any CPU
		{ED35C946-25C6-4F36-8AF4-3654B0F0E07A}.Debug|x64.ActiveCfg = Debug|Any CPU
		{ED35C946-25C6-4F36-8AF4-3654B0F0E07A}.Debug|x64.Build.0 = Debug|Any CPU
		{ED35C946-25C6-4F36-8AF4-3654B0F0E07A}.Debug|x86.ActiveCfg = Debug|Any CPU
		{ED35C946-25C6-4F36-8AF4-3654B0F0E07A}.Debug|x86.Build.0 = Debug|Any CPU
		{ED35C946-25C6-4F36-8AF4-3654B0F0E07A}.Release|Any CPU.ActiveCfg = Release|Any CPU
		{ED35C946-25C6-4F36-8AF4-3654B0F0E07A}.Release|Any CPU.Build.0 = Release|Any CPU
		{ED35C946-25C6-4F36-8AF4-3654B0F0E07A}.Release|x64.ActiveCfg = Release|Any CPU
		{ED35C946-25C6-4F36-8AF4-3654B0F0E07A}.Release|x64.Build.0 = Release|Any CPU
		{ED35C946-25C6-4F36-8AF4-3654B0F0E07A}.Release|x86.ActiveCfg = Release|Any CPU
		{ED35C946-25C6-4F36-8AF4-3654B0F0E07A}.Release|x86.Build.0 = Release|Any CPU
		{D85F5F01-2DA0-4601-8E0C-743B8CD23F39}.Debug|Any CPU.ActiveCfg = Debug|Any CPU
		{D85F5F01-2DA0-4601-8E0C-743B8CD23F39}.Debug|Any CPU.Build.0 = Debug|Any CPU
		{D85F5F01-2DA0-4601-8E0C-743B8CD23F39}.Debug|x64.ActiveCfg = Debug|Any CPU
		{D85F5F01-2DA0-4601-8E0C-743B8CD23F39}.Debug|x64.Build.0 = Debug|Any CPU
		{D85F5F01-2DA0-4601-8E0C-743B8CD23F39}.Debug|x86.ActiveCfg = Debug|Any CPU
		{D85F5F01-2DA0-4601-8E0C-743B8CD23F39}.Debug|x86.Build.0 = Debug|Any CPU
		{D85F5F01-2DA0-4601-8E0C-743B8CD23F39}.Release|Any CPU.ActiveCfg = Release|Any CPU
		{D85F5F01-2DA0-4601-8E0C-743B8CD23F39}.Release|Any CPU.Build.0 = Release|Any CPU
		{D85F5F01-2DA0-4601-8E0C-743B8CD23F39}.Release|x64.ActiveCfg = Release|Any CPU
		{D85F5F01-2DA0-4601-8E0C-743B8CD23F39}.Release|x64.Build.0 = Release|Any CPU
		{D85F5F01-2DA0-4601-8E0C-743B8CD23F39}.Release|x86.ActiveCfg = Release|Any CPU
		{D85F5F01-2DA0-4601-8E0C-743B8CD23F39}.Release|x86.Build.0 = Release|Any CPU
	EndGlobalSection
	GlobalSection(SolutionProperties) = preSolution
		HideSolutionNode = FALSE
	EndGlobalSection
	GlobalSection(NestedProjects) = preSolution
		{6344924E-D071-4F73-B884-CB8AFA9AA85F} = {827E0CD3-B72D-47B6-A68D-7590B98EB39B}
		{CB19664F-BE98-4E3F-8C41-6180413F3A6F} = {827E0CD3-B72D-47B6-A68D-7590B98EB39B}
		{DEB6201C-DB7D-43B0-B0AF-67495B322179} = {0AB3BF05-4346-4AA6-1389-037BE0695223}
		{ED35C946-25C6-4F36-8AF4-3654B0F0E07A} = {827E0CD3-B72D-47B6-A68D-7590B98EB39B}
		{D85F5F01-2DA0-4601-8E0C-743B8CD23F39} = {827E0CD3-B72D-47B6-A68D-7590B98EB39B}
	EndGlobalSection
EndGlobal
